// !$*UTF8*$!
{
	archiveVersion = 1;
	classes = {
	};
	objectVersion = 52;
	objects = {

/* Begin PBXBuildFile section */
		79EC12F526A7465600CBBB46 /* AppDelegate.swift in Sources */ = {isa = PBXBuildFile; fileRef = 79EC12F426A7465600CBBB46 /* AppDelegate.swift */; };
		79EC12F726A7465600CBBB46 /* SceneDelegate.swift in Sources */ = {isa = PBXBuildFile; fileRef = 79EC12F626A7465600CBBB46 /* SceneDelegate.swift */; };
		79EC12F926A7465600CBBB46 /* ContentView.swift in Sources */ = {isa = PBXBuildFile; fileRef = 79EC12F826A7465600CBBB46 /* ContentView.swift */; };
		79EC12FB26A7465700CBBB46 /* Assets.xcassets in Resources */ = {isa = PBXBuildFile; fileRef = 79EC12FA26A7465700CBBB46 /* Assets.xcassets */; };
		79EC12FE26A7465700CBBB46 /* Preview Assets.xcassets in Resources */ = {isa = PBXBuildFile; fileRef = 79EC12FD26A7465700CBBB46 /* Preview Assets.xcassets */; };
		79EC130126A7465700CBBB46 /* LaunchScreen.storyboard in Resources */ = {isa = PBXBuildFile; fileRef = 79EC12FF26A7465700CBBB46 /* LaunchScreen.storyboard */; };
		79EC131726A7465700CBBB46 /* IMDBUITests.swift in Sources */ = {isa = PBXBuildFile; fileRef = 79EC131626A7465700CBBB46 /* IMDBUITests.swift */; };
		79EC132926A7490000CBBB46 /* MovieListView.swift in Sources */ = {isa = PBXBuildFile; fileRef = 79EC132826A7490000CBBB46 /* MovieListView.swift */; };
		79EC132B26A7492800CBBB46 /* SeriesListView.swift in Sources */ = {isa = PBXBuildFile; fileRef = 79EC132A26A7492800CBBB46 /* SeriesListView.swift */; };
		79EC132F26A749DB00CBBB46 /* MovieListPresenter.swift in Sources */ = {isa = PBXBuildFile; fileRef = 79EC132E26A749DB00CBBB46 /* MovieListPresenter.swift */; };
		79EC133326A74A4300CBBB46 /* MovieListInteractor.swift in Sources */ = {isa = PBXBuildFile; fileRef = 79EC133226A74A4300CBBB46 /* MovieListInteractor.swift */; };
		79EC133626A74B5900CBBB46 /* Movie.swift in Sources */ = {isa = PBXBuildFile; fileRef = 79EC133526A74B5900CBBB46 /* Movie.swift */; };
		79EC133926A74BA700CBBB46 /* MovieDataModel.swift in Sources */ = {isa = PBXBuildFile; fileRef = 79EC133826A74BA700CBBB46 /* MovieDataModel.swift */; };
		79EC133B26A784C100CBBB46 /* MovieListCell.swift in Sources */ = {isa = PBXBuildFile; fileRef = 79EC133A26A784C100CBBB46 /* MovieListCell.swift */; };
		79EC133F26A7880500CBBB46 /* MovieListRouter.swift in Sources */ = {isa = PBXBuildFile; fileRef = 79EC133E26A7880500CBBB46 /* MovieListRouter.swift */; };
		79EC134126A7886500CBBB46 /* MovieDetailView.swift in Sources */ = {isa = PBXBuildFile; fileRef = 79EC134026A7886500CBBB46 /* MovieDetailView.swift */; };
		79EC134426A87BB500CBBB46 /* APIClient.swift in Sources */ = {isa = PBXBuildFile; fileRef = 79EC134326A87BB500CBBB46 /* APIClient.swift */; };
		79EC134926A87D3200CBBB46 /* VolonbolonKit in Frameworks */ = {isa = PBXBuildFile; productRef = 79EC134826A87D3200CBBB46 /* VolonbolonKit */; };
		79EC134A26A87D3200CBBB46 /* VolonbolonKit in Embed Frameworks */ = {isa = PBXBuildFile; productRef = 79EC134826A87D3200CBBB46 /* VolonbolonKit */; settings = {ATTRIBUTES = (CodeSignOnCopy, ); }; };
		79EC134D26A8981100CBBB46 /* MovieSelectionPicker.swift in Sources */ = {isa = PBXBuildFile; fileRef = 79EC134C26A8981100CBBB46 /* MovieSelectionPicker.swift */; };
		79FC7CB426A9CFA30016D943 /* RemoteImage.swift in Sources */ = {isa = PBXBuildFile; fileRef = 79FC7CB326A9CFA30016D943 /* RemoteImage.swift */; };
		79FC7CB626A9E4030016D943 /* MovieDetailInteractor.swift in Sources */ = {isa = PBXBuildFile; fileRef = 79FC7CB526A9E4030016D943 /* MovieDetailInteractor.swift */; };
		79FC7CB826A9E4720016D943 /* MovieDetailPresenter.swift in Sources */ = {isa = PBXBuildFile; fileRef = 79FC7CB726A9E4720016D943 /* MovieDetailPresenter.swift */; };
		79FC7CBD26A9E9300016D943 /* DateFormatter+Extensions.swift in Sources */ = {isa = PBXBuildFile; fileRef = 79FC7CBC26A9E9300016D943 /* DateFormatter+Extensions.swift */; };
		79FC7CBF26A9E9590016D943 /* MovieDetail.swift in Sources */ = {isa = PBXBuildFile; fileRef = 79FC7CBE26A9E9590016D943 /* MovieDetail.swift */; };
		79FC7CC126AA11A60016D943 /* TMDBAPIClient.swift in Sources */ = {isa = PBXBuildFile; fileRef = 79FC7CC026AA11A60016D943 /* TMDBAPIClient.swift */; };
		79FC7CC226AA33880016D943 /* UpcomingMovie.json in Resources */ = {isa = PBXBuildFile; fileRef = 79FC7CB126A9C5CC0016D943 /* UpcomingMovie.json */; };
		79FC7CC326AA33880016D943 /* MovieDetail.json in Resources */ = {isa = PBXBuildFile; fileRef = 79FC7CB926A9E7D50016D943 /* MovieDetail.json */; };
		79FC7CC426AA33880016D943 /* TopRatedMovie.json in Resources */ = {isa = PBXBuildFile; fileRef = 79FC7CAF26A9C4690016D943 /* TopRatedMovie.json */; };
		79FC7CC526AA33880016D943 /* PopularMovie.json in Resources */ = {isa = PBXBuildFile; fileRef = 79FC7CAD26A9B0230016D943 /* PopularMovie.json */; };
		79FC7CCA26AACB7E0016D943 /* MovieDataModelTests.swift in Sources */ = {isa = PBXBuildFile; fileRef = 79FC7CC926AACB7E0016D943 /* MovieDataModelTests.swift */; };
		79FC7CCB26AAD02E0016D943 /* MockAPIClient.swift in Sources */ = {isa = PBXBuildFile; fileRef = 79EC134526A87C7E00CBBB46 /* MockAPIClient.swift */; };
		79FC7CD026AADC080016D943 /* TVShowListRouter.swift in Sources */ = {isa = PBXBuildFile; fileRef = 79FC7CCF26AADC080016D943 /* TVShowListRouter.swift */; };
		79FC7CD426AADCDB0016D943 /* TVShow.swift in Sources */ = {isa = PBXBuildFile; fileRef = 79FC7CD326AADCDB0016D943 /* TVShow.swift */; };
		79FC7CD626AADE320016D943 /* TVShowDataModel.swift in Sources */ = {isa = PBXBuildFile; fileRef = 79FC7CD526AADE320016D943 /* TVShowDataModel.swift */; };
		79FC7CD926AAE24E0016D943 /* TVShowListPresenter.swift in Sources */ = {isa = PBXBuildFile; fileRef = 79FC7CD826AAE24E0016D943 /* TVShowListPresenter.swift */; };
		79FC7CDC26AAE29D0016D943 /* TVShowListInteractor.swift in Sources */ = {isa = PBXBuildFile; fileRef = 79FC7CDB26AAE29D0016D943 /* TVShowListInteractor.swift */; };
		79FC7CDE26AAE9850016D943 /* TVShowSelectionPicker.swift in Sources */ = {isa = PBXBuildFile; fileRef = 79FC7CDD26AAE9850016D943 /* TVShowSelectionPicker.swift */; };
		79FC7CE026AAEB7D0016D943 /* TVShowDetailView.swift in Sources */ = {isa = PBXBuildFile; fileRef = 79FC7CDF26AAEB7D0016D943 /* TVShowDetailView.swift */; };
		79FC7CE226AAEBA20016D943 /* TVShowDetailInteractor.swift in Sources */ = {isa = PBXBuildFile; fileRef = 79FC7CE126AAEBA20016D943 /* TVShowDetailInteractor.swift */; };
		79FC7CE426AAEC1F0016D943 /* TVShowDetailPresenter.swift in Sources */ = {isa = PBXBuildFile; fileRef = 79FC7CE326AAEC1F0016D943 /* TVShowDetailPresenter.swift */; };
		79FC7CE626AAED480016D943 /* TVShowDetail.swift in Sources */ = {isa = PBXBuildFile; fileRef = 79FC7CE526AAED480016D943 /* TVShowDetail.swift */; };
		79FC7CE826AAF75C0016D943 /* TVShowListCell.swift in Sources */ = {isa = PBXBuildFile; fileRef = 79FC7CE726AAF75C0016D943 /* TVShowListCell.swift */; };
		79FC7CEA26AB32020016D943 /* PopularTVShow.json in Resources */ = {isa = PBXBuildFile; fileRef = 79FC7CE926AB32020016D943 /* PopularTVShow.json */; };
		79FC7CEC26AB32230016D943 /* TopRatedTVShow.json in Resources */ = {isa = PBXBuildFile; fileRef = 79FC7CEB26AB32230016D943 /* TopRatedTVShow.json */; };
		79FC7CEE26AB32AB0016D943 /* TVShowDetail.json in Resources */ = {isa = PBXBuildFile; fileRef = 79FC7CED26AB32AB0016D943 /* TVShowDetail.json */; };
		79FC7CF026AB332B0016D943 /* TVShowDataModelTests.swift in Sources */ = {isa = PBXBuildFile; fileRef = 79FC7CEF26AB332B0016D943 /* TVShowDataModelTests.swift */; };
/* End PBXBuildFile section */

/* Begin PBXContainerItemProxy section */
		79EC130826A7465700CBBB46 /* PBXContainerItemProxy */ = {
			isa = PBXContainerItemProxy;
			containerPortal = 79EC12E926A7465600CBBB46 /* Project object */;
			proxyType = 1;
			remoteGlobalIDString = 79EC12F026A7465600CBBB46;
			remoteInfo = IMDB;
		};
		79EC131326A7465700CBBB46 /* PBXContainerItemProxy */ = {
			isa = PBXContainerItemProxy;
			containerPortal = 79EC12E926A7465600CBBB46 /* Project object */;
			proxyType = 1;
			remoteGlobalIDString = 79EC12F026A7465600CBBB46;
			remoteInfo = IMDB;
		};
/* End PBXContainerItemProxy section */

/* Begin PBXCopyFilesBuildPhase section */
		79EC134B26A87D3200CBBB46 /* Embed Frameworks */ = {
			isa = PBXCopyFilesBuildPhase;
			buildActionMask = 2147483647;
			dstPath = "";
			dstSubfolderSpec = 10;
			files = (
				79EC134A26A87D3200CBBB46 /* VolonbolonKit in Embed Frameworks */,
			);
			name = "Embed Frameworks";
			runOnlyForDeploymentPostprocessing = 0;
		};
/* End PBXCopyFilesBuildPhase section */

/* Begin PBXFileReference section */
		79EC12F126A7465600CBBB46 /* IMDB.app */ = {isa = PBXFileReference; explicitFileType = wrapper.application; includeInIndex = 0; path = IMDB.app; sourceTree = BUILT_PRODUCTS_DIR; };
		79EC12F426A7465600CBBB46 /* AppDelegate.swift */ = {isa = PBXFileReference; lastKnownFileType = sourcecode.swift; path = AppDelegate.swift; sourceTree = "<group>"; };
		79EC12F626A7465600CBBB46 /* SceneDelegate.swift */ = {isa = PBXFileReference; lastKnownFileType = sourcecode.swift; path = SceneDelegate.swift; sourceTree = "<group>"; };
		79EC12F826A7465600CBBB46 /* ContentView.swift */ = {isa = PBXFileReference; lastKnownFileType = sourcecode.swift; path = ContentView.swift; sourceTree = "<group>"; };
		79EC12FA26A7465700CBBB46 /* Assets.xcassets */ = {isa = PBXFileReference; lastKnownFileType = folder.assetcatalog; path = Assets.xcassets; sourceTree = "<group>"; };
		79EC12FD26A7465700CBBB46 /* Preview Assets.xcassets */ = {isa = PBXFileReference; lastKnownFileType = folder.assetcatalog; path = "Preview Assets.xcassets"; sourceTree = "<group>"; };
		79EC130026A7465700CBBB46 /* Base */ = {isa = PBXFileReference; lastKnownFileType = file.storyboard; name = Base; path = Base.lproj/LaunchScreen.storyboard; sourceTree = "<group>"; };
		79EC130226A7465700CBBB46 /* Info.plist */ = {isa = PBXFileReference; lastKnownFileType = text.plist.xml; path = Info.plist; sourceTree = "<group>"; };
		79EC130726A7465700CBBB46 /* IMDBTests.xctest */ = {isa = PBXFileReference; explicitFileType = wrapper.cfbundle; includeInIndex = 0; path = IMDBTests.xctest; sourceTree = BUILT_PRODUCTS_DIR; };
		79EC130D26A7465700CBBB46 /* Info.plist */ = {isa = PBXFileReference; lastKnownFileType = text.plist.xml; path = Info.plist; sourceTree = "<group>"; };
		79EC131226A7465700CBBB46 /* IMDBUITests.xctest */ = {isa = PBXFileReference; explicitFileType = wrapper.cfbundle; includeInIndex = 0; path = IMDBUITests.xctest; sourceTree = BUILT_PRODUCTS_DIR; };
		79EC131626A7465700CBBB46 /* IMDBUITests.swift */ = {isa = PBXFileReference; lastKnownFileType = sourcecode.swift; path = IMDBUITests.swift; sourceTree = "<group>"; };
		79EC131826A7465700CBBB46 /* Info.plist */ = {isa = PBXFileReference; lastKnownFileType = text.plist.xml; path = Info.plist; sourceTree = "<group>"; };
		79EC132826A7490000CBBB46 /* MovieListView.swift */ = {isa = PBXFileReference; lastKnownFileType = sourcecode.swift; path = MovieListView.swift; sourceTree = "<group>"; };
		79EC132A26A7492800CBBB46 /* SeriesListView.swift */ = {isa = PBXFileReference; lastKnownFileType = sourcecode.swift; path = SeriesListView.swift; sourceTree = "<group>"; };
		79EC132E26A749DB00CBBB46 /* MovieListPresenter.swift */ = {isa = PBXFileReference; lastKnownFileType = sourcecode.swift; path = MovieListPresenter.swift; sourceTree = "<group>"; };
		79EC133226A74A4300CBBB46 /* MovieListInteractor.swift */ = {isa = PBXFileReference; lastKnownFileType = sourcecode.swift; path = MovieListInteractor.swift; sourceTree = "<group>"; };
		79EC133526A74B5900CBBB46 /* Movie.swift */ = {isa = PBXFileReference; lastKnownFileType = sourcecode.swift; path = Movie.swift; sourceTree = "<group>"; };
		79EC133826A74BA700CBBB46 /* MovieDataModel.swift */ = {isa = PBXFileReference; lastKnownFileType = sourcecode.swift; path = MovieDataModel.swift; sourceTree = "<group>"; };
		79EC133A26A784C100CBBB46 /* MovieListCell.swift */ = {isa = PBXFileReference; lastKnownFileType = sourcecode.swift; path = MovieListCell.swift; sourceTree = "<group>"; };
		79EC133E26A7880500CBBB46 /* MovieListRouter.swift */ = {isa = PBXFileReference; lastKnownFileType = sourcecode.swift; path = MovieListRouter.swift; sourceTree = "<group>"; };
		79EC134026A7886500CBBB46 /* MovieDetailView.swift */ = {isa = PBXFileReference; lastKnownFileType = sourcecode.swift; path = MovieDetailView.swift; sourceTree = "<group>"; };
		79EC134326A87BB500CBBB46 /* APIClient.swift */ = {isa = PBXFileReference; lastKnownFileType = sourcecode.swift; path = APIClient.swift; sourceTree = "<group>"; };
		79EC134526A87C7E00CBBB46 /* MockAPIClient.swift */ = {isa = PBXFileReference; lastKnownFileType = sourcecode.swift; path = MockAPIClient.swift; sourceTree = "<group>"; };
		79EC134C26A8981100CBBB46 /* MovieSelectionPicker.swift */ = {isa = PBXFileReference; lastKnownFileType = sourcecode.swift; path = MovieSelectionPicker.swift; sourceTree = "<group>"; };
		79FC7CAD26A9B0230016D943 /* PopularMovie.json */ = {isa = PBXFileReference; lastKnownFileType = text.json; path = PopularMovie.json; sourceTree = "<group>"; };
		79FC7CAF26A9C4690016D943 /* TopRatedMovie.json */ = {isa = PBXFileReference; lastKnownFileType = text.json; path = TopRatedMovie.json; sourceTree = "<group>"; };
		79FC7CB126A9C5CC0016D943 /* UpcomingMovie.json */ = {isa = PBXFileReference; lastKnownFileType = text.json; path = UpcomingMovie.json; sourceTree = "<group>"; };
		79FC7CB326A9CFA30016D943 /* RemoteImage.swift */ = {isa = PBXFileReference; lastKnownFileType = sourcecode.swift; path = RemoteImage.swift; sourceTree = "<group>"; };
		79FC7CB526A9E4030016D943 /* MovieDetailInteractor.swift */ = {isa = PBXFileReference; lastKnownFileType = sourcecode.swift; path = MovieDetailInteractor.swift; sourceTree = "<group>"; };
		79FC7CB726A9E4720016D943 /* MovieDetailPresenter.swift */ = {isa = PBXFileReference; lastKnownFileType = sourcecode.swift; path = MovieDetailPresenter.swift; sourceTree = "<group>"; };
		79FC7CB926A9E7D50016D943 /* MovieDetail.json */ = {isa = PBXFileReference; lastKnownFileType = text.json; path = MovieDetail.json; sourceTree = "<group>"; };
		79FC7CBC26A9E9300016D943 /* DateFormatter+Extensions.swift */ = {isa = PBXFileReference; lastKnownFileType = sourcecode.swift; path = "DateFormatter+Extensions.swift"; sourceTree = "<group>"; };
		79FC7CBE26A9E9590016D943 /* MovieDetail.swift */ = {isa = PBXFileReference; lastKnownFileType = sourcecode.swift; path = MovieDetail.swift; sourceTree = "<group>"; };
		79FC7CC026AA11A60016D943 /* TMDBAPIClient.swift */ = {isa = PBXFileReference; lastKnownFileType = sourcecode.swift; path = TMDBAPIClient.swift; sourceTree = "<group>"; };
		79FC7CC926AACB7E0016D943 /* MovieDataModelTests.swift */ = {isa = PBXFileReference; lastKnownFileType = sourcecode.swift; path = MovieDataModelTests.swift; sourceTree = "<group>"; };
		79FC7CCF26AADC080016D943 /* TVShowListRouter.swift */ = {isa = PBXFileReference; lastKnownFileType = sourcecode.swift; path = TVShowListRouter.swift; sourceTree = "<group>"; };
		79FC7CD326AADCDB0016D943 /* TVShow.swift */ = {isa = PBXFileReference; lastKnownFileType = sourcecode.swift; path = TVShow.swift; sourceTree = "<group>"; };
		79FC7CD526AADE320016D943 /* TVShowDataModel.swift */ = {isa = PBXFileReference; lastKnownFileType = sourcecode.swift; path = TVShowDataModel.swift; sourceTree = "<group>"; };
		79FC7CD826AAE24E0016D943 /* TVShowListPresenter.swift */ = {isa = PBXFileReference; lastKnownFileType = sourcecode.swift; path = TVShowListPresenter.swift; sourceTree = "<group>"; };
		79FC7CDB26AAE29D0016D943 /* TVShowListInteractor.swift */ = {isa = PBXFileReference; lastKnownFileType = sourcecode.swift; path = TVShowListInteractor.swift; sourceTree = "<group>"; };
		79FC7CDD26AAE9850016D943 /* TVShowSelectionPicker.swift */ = {isa = PBXFileReference; lastKnownFileType = sourcecode.swift; path = TVShowSelectionPicker.swift; sourceTree = "<group>"; };
		79FC7CDF26AAEB7D0016D943 /* TVShowDetailView.swift */ = {isa = PBXFileReference; lastKnownFileType = sourcecode.swift; path = TVShowDetailView.swift; sourceTree = "<group>"; };
		79FC7CE126AAEBA20016D943 /* TVShowDetailInteractor.swift */ = {isa = PBXFileReference; lastKnownFileType = sourcecode.swift; path = TVShowDetailInteractor.swift; sourceTree = "<group>"; };
		79FC7CE326AAEC1F0016D943 /* TVShowDetailPresenter.swift */ = {isa = PBXFileReference; lastKnownFileType = sourcecode.swift; path = TVShowDetailPresenter.swift; sourceTree = "<group>"; };
		79FC7CE526AAED480016D943 /* TVShowDetail.swift */ = {isa = PBXFileReference; lastKnownFileType = sourcecode.swift; path = TVShowDetail.swift; sourceTree = "<group>"; };
		79FC7CE726AAF75C0016D943 /* TVShowListCell.swift */ = {isa = PBXFileReference; lastKnownFileType = sourcecode.swift; path = TVShowListCell.swift; sourceTree = "<group>"; };
		79FC7CE926AB32020016D943 /* PopularTVShow.json */ = {isa = PBXFileReference; lastKnownFileType = text.json; path = PopularTVShow.json; sourceTree = "<group>"; };
		79FC7CEB26AB32230016D943 /* TopRatedTVShow.json */ = {isa = PBXFileReference; lastKnownFileType = text.json; path = TopRatedTVShow.json; sourceTree = "<group>"; };
		79FC7CED26AB32AB0016D943 /* TVShowDetail.json */ = {isa = PBXFileReference; lastKnownFileType = text.json; path = TVShowDetail.json; sourceTree = "<group>"; };
		79FC7CEF26AB332B0016D943 /* TVShowDataModelTests.swift */ = {isa = PBXFileReference; lastKnownFileType = sourcecode.swift; path = TVShowDataModelTests.swift; sourceTree = "<group>"; };
/* End PBXFileReference section */

/* Begin PBXFrameworksBuildPhase section */
		79EC12EE26A7465600CBBB46 /* Frameworks */ = {
			isa = PBXFrameworksBuildPhase;
			buildActionMask = 2147483647;
			files = (
				79EC134926A87D3200CBBB46 /* VolonbolonKit in Frameworks */,
			);
			runOnlyForDeploymentPostprocessing = 0;
		};
		79EC130426A7465700CBBB46 /* Frameworks */ = {
			isa = PBXFrameworksBuildPhase;
			buildActionMask = 2147483647;
			files = (
			);
			runOnlyForDeploymentPostprocessing = 0;
		};
		79EC130F26A7465700CBBB46 /* Frameworks */ = {
			isa = PBXFrameworksBuildPhase;
			buildActionMask = 2147483647;
			files = (
			);
			runOnlyForDeploymentPostprocessing = 0;
		};
/* End PBXFrameworksBuildPhase section */

/* Begin PBXGroup section */
		79EC12E826A7465600CBBB46 = {
			isa = PBXGroup;
			children = (
				79EC12F326A7465600CBBB46 /* IMDB */,
				79EC130A26A7465700CBBB46 /* IMDBTests */,
				79EC131526A7465700CBBB46 /* IMDBUITests */,
				79EC12F226A7465600CBBB46 /* Products */,
			);
			sourceTree = "<group>";
		};
		79EC12F226A7465600CBBB46 /* Products */ = {
			isa = PBXGroup;
			children = (
				79EC12F126A7465600CBBB46 /* IMDB.app */,
				79EC130726A7465700CBBB46 /* IMDBTests.xctest */,
				79EC131226A7465700CBBB46 /* IMDBUITests.xctest */,
			);
			name = Products;
			sourceTree = "<group>";
		};
		79EC12F326A7465600CBBB46 /* IMDB */ = {
			isa = PBXGroup;
			children = (
				79EC134226A87BA700CBBB46 /* Helpers */,
				79EC133C26A787E800CBBB46 /* Router */,
				79EC133426A74B4900CBBB46 /* Entities */,
				79EC133026A74A2A00CBBB46 /* Interactor */,
				79EC132C26A749BD00CBBB46 /* Presenter */,
				79EC132426A748C500CBBB46 /* View */,
				79EC12F426A7465600CBBB46 /* AppDelegate.swift */,
				79EC12F626A7465600CBBB46 /* SceneDelegate.swift */,
				79EC12F826A7465600CBBB46 /* ContentView.swift */,
				79EC12FA26A7465700CBBB46 /* Assets.xcassets */,
				79EC12FF26A7465700CBBB46 /* LaunchScreen.storyboard */,
				79EC130226A7465700CBBB46 /* Info.plist */,
				79EC12FC26A7465700CBBB46 /* Preview Content */,
			);
			path = IMDB;
			sourceTree = "<group>";
		};
		79EC12FC26A7465700CBBB46 /* Preview Content */ = {
			isa = PBXGroup;
			children = (
				79EC12FD26A7465700CBBB46 /* Preview Assets.xcassets */,
			);
			path = "Preview Content";
			sourceTree = "<group>";
		};
		79EC130A26A7465700CBBB46 /* IMDBTests */ = {
			isa = PBXGroup;
			children = (
				79EC134526A87C7E00CBBB46 /* MockAPIClient.swift */,
				79FC7CAC26A9AFF30016D943 /* Resources */,
				79EC130D26A7465700CBBB46 /* Info.plist */,
				79FC7CC926AACB7E0016D943 /* MovieDataModelTests.swift */,
				79FC7CEF26AB332B0016D943 /* TVShowDataModelTests.swift */,
			);
			path = IMDBTests;
			sourceTree = "<group>";
		};
		79EC131526A7465700CBBB46 /* IMDBUITests */ = {
			isa = PBXGroup;
			children = (
				79EC131626A7465700CBBB46 /* IMDBUITests.swift */,
				79EC131826A7465700CBBB46 /* Info.plist */,
			);
			path = IMDBUITests;
			sourceTree = "<group>";
		};
		79EC132426A748C500CBBB46 /* View */ = {
			isa = PBXGroup;
			children = (
				79EC132726A748DF00CBBB46 /* Series */,
				79EC132626A748D800CBBB46 /* Movie */,
				79FC7CB326A9CFA30016D943 /* RemoteImage.swift */,
			);
			path = View;
			sourceTree = "<group>";
		};
		79EC132626A748D800CBBB46 /* Movie */ = {
			isa = PBXGroup;
			children = (
				79EC132826A7490000CBBB46 /* MovieListView.swift */,
				79EC133A26A784C100CBBB46 /* MovieListCell.swift */,
				79EC134026A7886500CBBB46 /* MovieDetailView.swift */,
				79EC134C26A8981100CBBB46 /* MovieSelectionPicker.swift */,
			);
			path = Movie;
			sourceTree = "<group>";
		};
		79EC132726A748DF00CBBB46 /* Series */ = {
			isa = PBXGroup;
			children = (
				79EC132A26A7492800CBBB46 /* SeriesListView.swift */,
				79FC7CDD26AAE9850016D943 /* TVShowSelectionPicker.swift */,
				79FC7CDF26AAEB7D0016D943 /* TVShowDetailView.swift */,
				79FC7CE726AAF75C0016D943 /* TVShowListCell.swift */,
			);
			path = Series;
			sourceTree = "<group>";
		};
		79EC132C26A749BD00CBBB46 /* Presenter */ = {
			isa = PBXGroup;
			children = (
				79FC7CD726AAE2350016D943 /* TV */,
				79EC132D26A749C300CBBB46 /* Movie */,
			);
			path = Presenter;
			sourceTree = "<group>";
		};
		79EC132D26A749C300CBBB46 /* Movie */ = {
			isa = PBXGroup;
			children = (
				79EC132E26A749DB00CBBB46 /* MovieListPresenter.swift */,
				79FC7CB726A9E4720016D943 /* MovieDetailPresenter.swift */,
			);
			path = Movie;
			sourceTree = "<group>";
		};
		79EC133026A74A2A00CBBB46 /* Interactor */ = {
			isa = PBXGroup;
			children = (
				79FC7CDA26AAE28D0016D943 /* TV */,
				79EC133126A74A3000CBBB46 /* Movie */,
			);
			path = Interactor;
			sourceTree = "<group>";
		};
		79EC133126A74A3000CBBB46 /* Movie */ = {
			isa = PBXGroup;
			children = (
				79EC133226A74A4300CBBB46 /* MovieListInteractor.swift */,
				79FC7CB526A9E4030016D943 /* MovieDetailInteractor.swift */,
			);
			path = Movie;
			sourceTree = "<group>";
		};
		79EC133426A74B4900CBBB46 /* Entities */ = {
			isa = PBXGroup;
			children = (
				79FC7CD226AADCBE0016D943 /* TV */,
				79FC7CD126AADC710016D943 /* Movie */,
			);
			path = Entities;
			sourceTree = "<group>";
		};
		79EC133C26A787E800CBBB46 /* Router */ = {
			isa = PBXGroup;
			children = (
				79FC7CCE26AADBF20016D943 /* Series */,
				79EC133D26A787F400CBBB46 /* Movie */,
			);
			path = Router;
			sourceTree = "<group>";
		};
		79EC133D26A787F400CBBB46 /* Movie */ = {
			isa = PBXGroup;
			children = (
				79EC133E26A7880500CBBB46 /* MovieListRouter.swift */,
			);
			path = Movie;
			sourceTree = "<group>";
		};
		79EC134226A87BA700CBBB46 /* Helpers */ = {
			isa = PBXGroup;
			children = (
				79EC134326A87BB500CBBB46 /* APIClient.swift */,
				79FC7CC026AA11A60016D943 /* TMDBAPIClient.swift */,
				79FC7CBC26A9E9300016D943 /* DateFormatter+Extensions.swift */,
			);
			path = Helpers;
			sourceTree = "<group>";
		};
		79FC7CAC26A9AFF30016D943 /* Resources */ = {
			isa = PBXGroup;
			children = (
				79FC7CAD26A9B0230016D943 /* PopularMovie.json */,
				79FC7CAF26A9C4690016D943 /* TopRatedMovie.json */,
				79FC7CB126A9C5CC0016D943 /* UpcomingMovie.json */,
				79FC7CB926A9E7D50016D943 /* MovieDetail.json */,
				79FC7CE926AB32020016D943 /* PopularTVShow.json */,
				79FC7CEB26AB32230016D943 /* TopRatedTVShow.json */,
				79FC7CED26AB32AB0016D943 /* TVShowDetail.json */,
			);
			path = Resources;
			sourceTree = "<group>";
		};
		79FC7CCE26AADBF20016D943 /* Series */ = {
			isa = PBXGroup;
			children = (
				79FC7CCF26AADC080016D943 /* TVShowListRouter.swift */,
			);
			path = Series;
			sourceTree = "<group>";
		};
		79FC7CD126AADC710016D943 /* Movie */ = {
			isa = PBXGroup;
			children = (
				79EC133826A74BA700CBBB46 /* MovieDataModel.swift */,
				79EC133526A74B5900CBBB46 /* Movie.swift */,
				79FC7CBE26A9E9590016D943 /* MovieDetail.swift */,
			);
			path = Movie;
			sourceTree = "<group>";
		};
		79FC7CD226AADCBE0016D943 /* TV */ = {
			isa = PBXGroup;
			children = (
				79FC7CD326AADCDB0016D943 /* TVShow.swift */,
				79FC7CD526AADE320016D943 /* TVShowDataModel.swift */,
				79FC7CE526AAED480016D943 /* TVShowDetail.swift */,
			);
			path = TV;
			sourceTree = "<group>";
		};
		79FC7CD726AAE2350016D943 /* TV */ = {
			isa = PBXGroup;
			children = (
				79FC7CD826AAE24E0016D943 /* TVShowListPresenter.swift */,
				79FC7CE326AAEC1F0016D943 /* TVShowDetailPresenter.swift */,
			);
			path = TV;
			sourceTree = "<group>";
		};
		79FC7CDA26AAE28D0016D943 /* TV */ = {
			isa = PBXGroup;
			children = (
				79FC7CDB26AAE29D0016D943 /* TVShowListInteractor.swift */,
				79FC7CE126AAEBA20016D943 /* TVShowDetailInteractor.swift */,
			);
			path = TV;
			sourceTree = "<group>";
		};
/* End PBXGroup section */

/* Begin PBXNativeTarget section */
		79EC12F026A7465600CBBB46 /* IMDB */ = {
			isa = PBXNativeTarget;
			buildConfigurationList = 79EC131B26A7465700CBBB46 /* Build configuration list for PBXNativeTarget "IMDB" */;
			buildPhases = (
				79EC12ED26A7465600CBBB46 /* Sources */,
				79EC12EE26A7465600CBBB46 /* Frameworks */,
				79EC12EF26A7465600CBBB46 /* Resources */,
				79EC134B26A87D3200CBBB46 /* Embed Frameworks */,
			);
			buildRules = (
			);
			dependencies = (
			);
			name = IMDB;
			packageProductDependencies = (
				79EC134826A87D3200CBBB46 /* VolonbolonKit */,
			);
			productName = IMDB;
			productReference = 79EC12F126A7465600CBBB46 /* IMDB.app */;
			productType = "com.apple.product-type.application";
		};
		79EC130626A7465700CBBB46 /* IMDBTests */ = {
			isa = PBXNativeTarget;
			buildConfigurationList = 79EC131E26A7465700CBBB46 /* Build configuration list for PBXNativeTarget "IMDBTests" */;
			buildPhases = (
				79EC130326A7465700CBBB46 /* Sources */,
				79EC130426A7465700CBBB46 /* Frameworks */,
				79EC130526A7465700CBBB46 /* Resources */,
			);
			buildRules = (
			);
			dependencies = (
				79EC130926A7465700CBBB46 /* PBXTargetDependency */,
			);
			name = IMDBTests;
			productName = IMDBTests;
			productReference = 79EC130726A7465700CBBB46 /* IMDBTests.xctest */;
			productType = "com.apple.product-type.bundle.unit-test";
		};
		79EC131126A7465700CBBB46 /* IMDBUITests */ = {
			isa = PBXNativeTarget;
			buildConfigurationList = 79EC132126A7465700CBBB46 /* Build configuration list for PBXNativeTarget "IMDBUITests" */;
			buildPhases = (
				79EC130E26A7465700CBBB46 /* Sources */,
				79EC130F26A7465700CBBB46 /* Frameworks */,
				79EC131026A7465700CBBB46 /* Resources */,
			);
			buildRules = (
			);
			dependencies = (
				79EC131426A7465700CBBB46 /* PBXTargetDependency */,
			);
			name = IMDBUITests;
			productName = IMDBUITests;
			productReference = 79EC131226A7465700CBBB46 /* IMDBUITests.xctest */;
			productType = "com.apple.product-type.bundle.ui-testing";
		};
/* End PBXNativeTarget section */

/* Begin PBXProject section */
		79EC12E926A7465600CBBB46 /* Project object */ = {
			isa = PBXProject;
			attributes = {
				LastSwiftUpdateCheck = 1250;
				LastUpgradeCheck = 1250;
				TargetAttributes = {
					79EC12F026A7465600CBBB46 = {
						CreatedOnToolsVersion = 12.5.1;
					};
					79EC130626A7465700CBBB46 = {
						CreatedOnToolsVersion = 12.5.1;
						TestTargetID = 79EC12F026A7465600CBBB46;
					};
					79EC131126A7465700CBBB46 = {
						CreatedOnToolsVersion = 12.5.1;
						TestTargetID = 79EC12F026A7465600CBBB46;
					};
				};
			};
			buildConfigurationList = 79EC12EC26A7465600CBBB46 /* Build configuration list for PBXProject "IMDB" */;
			compatibilityVersion = "Xcode 9.3";
			developmentRegion = en;
			hasScannedForEncodings = 0;
			knownRegions = (
				en,
				Base,
			);
			mainGroup = 79EC12E826A7465600CBBB46;
			packageReferences = (
				79EC134726A87D3200CBBB46 /* XCRemoteSwiftPackageReference "super-octo-potato" */,
			);
			productRefGroup = 79EC12F226A7465600CBBB46 /* Products */;
			projectDirPath = "";
			projectRoot = "";
			targets = (
				79EC12F026A7465600CBBB46 /* IMDB */,
				79EC130626A7465700CBBB46 /* IMDBTests */,
				79EC131126A7465700CBBB46 /* IMDBUITests */,
			);
		};
/* End PBXProject section */

/* Begin PBXResourcesBuildPhase section */
		79EC12EF26A7465600CBBB46 /* Resources */ = {
			isa = PBXResourcesBuildPhase;
			buildActionMask = 2147483647;
			files = (
				79EC130126A7465700CBBB46 /* LaunchScreen.storyboard in Resources */,
				79EC12FE26A7465700CBBB46 /* Preview Assets.xcassets in Resources */,
				79EC12FB26A7465700CBBB46 /* Assets.xcassets in Resources */,
			);
			runOnlyForDeploymentPostprocessing = 0;
		};
		79EC130526A7465700CBBB46 /* Resources */ = {
			isa = PBXResourcesBuildPhase;
			buildActionMask = 2147483647;
			files = (
				79FC7CC526AA33880016D943 /* PopularMovie.json in Resources */,
				79FC7CEC26AB32230016D943 /* TopRatedTVShow.json in Resources */,
				79FC7CEE26AB32AB0016D943 /* TVShowDetail.json in Resources */,
				79FC7CC226AA33880016D943 /* UpcomingMovie.json in Resources */,
				79FC7CC426AA33880016D943 /* TopRatedMovie.json in Resources */,
				79FC7CEA26AB32020016D943 /* PopularTVShow.json in Resources */,
				79FC7CC326AA33880016D943 /* MovieDetail.json in Resources */,
			);
			runOnlyForDeploymentPostprocessing = 0;
		};
		79EC131026A7465700CBBB46 /* Resources */ = {
			isa = PBXResourcesBuildPhase;
			buildActionMask = 2147483647;
			files = (
			);
			runOnlyForDeploymentPostprocessing = 0;
		};
/* End PBXResourcesBuildPhase section */

/* Begin PBXSourcesBuildPhase section */
		79EC12ED26A7465600CBBB46 /* Sources */ = {
			isa = PBXSourcesBuildPhase;
			buildActionMask = 2147483647;
			files = (
				79EC133B26A784C100CBBB46 /* MovieListCell.swift in Sources */,
				79FC7CC126AA11A60016D943 /* TMDBAPIClient.swift in Sources */,
				79FC7CBD26A9E9300016D943 /* DateFormatter+Extensions.swift in Sources */,
				79EC132B26A7492800CBBB46 /* SeriesListView.swift in Sources */,
				79FC7CD426AADCDB0016D943 /* TVShow.swift in Sources */,
				79FC7CD626AADE320016D943 /* TVShowDataModel.swift in Sources */,
				79EC133326A74A4300CBBB46 /* MovieListInteractor.swift in Sources */,
				79FC7CD026AADC080016D943 /* TVShowListRouter.swift in Sources */,
				79EC133F26A7880500CBBB46 /* MovieListRouter.swift in Sources */,
				79EC132F26A749DB00CBBB46 /* MovieListPresenter.swift in Sources */,
				79FC7CBF26A9E9590016D943 /* MovieDetail.swift in Sources */,
				79FC7CD926AAE24E0016D943 /* TVShowListPresenter.swift in Sources */,
				79FC7CB826A9E4720016D943 /* MovieDetailPresenter.swift in Sources */,
				79EC12F526A7465600CBBB46 /* AppDelegate.swift in Sources */,
				79FC7CB626A9E4030016D943 /* MovieDetailInteractor.swift in Sources */,
				79FC7CE426AAEC1F0016D943 /* TVShowDetailPresenter.swift in Sources */,
				79FC7CDE26AAE9850016D943 /* TVShowSelectionPicker.swift in Sources */,
				79FC7CDC26AAE29D0016D943 /* TVShowListInteractor.swift in Sources */,
				79EC134D26A8981100CBBB46 /* MovieSelectionPicker.swift in Sources */,
				79EC134126A7886500CBBB46 /* MovieDetailView.swift in Sources */,
				79EC133926A74BA700CBBB46 /* MovieDataModel.swift in Sources */,
				79EC132926A7490000CBBB46 /* MovieListView.swift in Sources */,
				79FC7CE026AAEB7D0016D943 /* TVShowDetailView.swift in Sources */,
				79FC7CE626AAED480016D943 /* TVShowDetail.swift in Sources */,
				79FC7CB426A9CFA30016D943 /* RemoteImage.swift in Sources */,
				79EC134426A87BB500CBBB46 /* APIClient.swift in Sources */,
				79FC7CE826AAF75C0016D943 /* TVShowListCell.swift in Sources */,
				79FC7CE226AAEBA20016D943 /* TVShowDetailInteractor.swift in Sources */,
				79EC12F726A7465600CBBB46 /* SceneDelegate.swift in Sources */,
				79EC133626A74B5900CBBB46 /* Movie.swift in Sources */,
				79EC12F926A7465600CBBB46 /* ContentView.swift in Sources */,
			);
			runOnlyForDeploymentPostprocessing = 0;
		};
		79EC130326A7465700CBBB46 /* Sources */ = {
			isa = PBXSourcesBuildPhase;
			buildActionMask = 2147483647;
			files = (
				79FC7CCA26AACB7E0016D943 /* MovieDataModelTests.swift in Sources */,
				79FC7CF026AB332B0016D943 /* TVShowDataModelTests.swift in Sources */,
				79FC7CCB26AAD02E0016D943 /* MockAPIClient.swift in Sources */,
			);
			runOnlyForDeploymentPostprocessing = 0;
		};
		79EC130E26A7465700CBBB46 /* Sources */ = {
			isa = PBXSourcesBuildPhase;
			buildActionMask = 2147483647;
			files = (
				79EC131726A7465700CBBB46 /* IMDBUITests.swift in Sources */,
			);
			runOnlyForDeploymentPostprocessing = 0;
		};
/* End PBXSourcesBuildPhase section */

/* Begin PBXTargetDependency section */
		79EC130926A7465700CBBB46 /* PBXTargetDependency */ = {
			isa = PBXTargetDependency;
			target = 79EC12F026A7465600CBBB46 /* IMDB */;
			targetProxy = 79EC130826A7465700CBBB46 /* PBXContainerItemProxy */;
		};
		79EC131426A7465700CBBB46 /* PBXTargetDependency */ = {
			isa = PBXTargetDependency;
			target = 79EC12F026A7465600CBBB46 /* IMDB */;
			targetProxy = 79EC131326A7465700CBBB46 /* PBXContainerItemProxy */;
		};
/* End PBXTargetDependency section */

/* Begin PBXVariantGroup section */
		79EC12FF26A7465700CBBB46 /* LaunchScreen.storyboard */ = {
			isa = PBXVariantGroup;
			children = (
				79EC130026A7465700CBBB46 /* Base */,
			);
			name = LaunchScreen.storyboard;
			sourceTree = "<group>";
		};
/* End PBXVariantGroup section */

/* Begin XCBuildConfiguration section */
		79EC131926A7465700CBBB46 /* Debug */ = {
			isa = XCBuildConfiguration;
			buildSettings = {
				ALWAYS_SEARCH_USER_PATHS = NO;
				CLANG_ANALYZER_NONNULL = YES;
				CLANG_ANALYZER_NUMBER_OBJECT_CONVERSION = YES_AGGRESSIVE;
				CLANG_CXX_LANGUAGE_STANDARD = "gnu++14";
				CLANG_CXX_LIBRARY = "libc++";
				CLANG_ENABLE_MODULES = YES;
				CLANG_ENABLE_OBJC_ARC = YES;
				CLANG_ENABLE_OBJC_WEAK = YES;
				CLANG_WARN_BLOCK_CAPTURE_AUTORELEASING = YES;
				CLANG_WARN_BOOL_CONVERSION = YES;
				CLANG_WARN_COMMA = YES;
				CLANG_WARN_CONSTANT_CONVERSION = YES;
				CLANG_WARN_DEPRECATED_OBJC_IMPLEMENTATIONS = YES;
				CLANG_WARN_DIRECT_OBJC_ISA_USAGE = YES_ERROR;
				CLANG_WARN_DOCUMENTATION_COMMENTS = YES;
				CLANG_WARN_EMPTY_BODY = YES;
				CLANG_WARN_ENUM_CONVERSION = YES;
				CLANG_WARN_INFINITE_RECURSION = YES;
				CLANG_WARN_INT_CONVERSION = YES;
				CLANG_WARN_NON_LITERAL_NULL_CONVERSION = YES;
				CLANG_WARN_OBJC_IMPLICIT_RETAIN_SELF = YES;
				CLANG_WARN_OBJC_LITERAL_CONVERSION = YES;
				CLANG_WARN_OBJC_ROOT_CLASS = YES_ERROR;
				CLANG_WARN_QUOTED_INCLUDE_IN_FRAMEWORK_HEADER = YES;
				CLANG_WARN_RANGE_LOOP_ANALYSIS = YES;
				CLANG_WARN_STRICT_PROTOTYPES = YES;
				CLANG_WARN_SUSPICIOUS_MOVE = YES;
				CLANG_WARN_UNGUARDED_AVAILABILITY = YES_AGGRESSIVE;
				CLANG_WARN_UNREACHABLE_CODE = YES;
				CLANG_WARN__DUPLICATE_METHOD_MATCH = YES;
				COPY_PHASE_STRIP = NO;
				DEBUG_INFORMATION_FORMAT = dwarf;
				ENABLE_STRICT_OBJC_MSGSEND = YES;
				ENABLE_TESTABILITY = YES;
				GCC_C_LANGUAGE_STANDARD = gnu11;
				GCC_DYNAMIC_NO_PIC = NO;
				GCC_NO_COMMON_BLOCKS = YES;
				GCC_OPTIMIZATION_LEVEL = 0;
				GCC_PREPROCESSOR_DEFINITIONS = (
					"DEBUG=1",
					"$(inherited)",
				);
				GCC_WARN_64_TO_32_BIT_CONVERSION = YES;
				GCC_WARN_ABOUT_RETURN_TYPE = YES_ERROR;
				GCC_WARN_UNDECLARED_SELECTOR = YES;
				GCC_WARN_UNINITIALIZED_AUTOS = YES_AGGRESSIVE;
				GCC_WARN_UNUSED_FUNCTION = YES;
				GCC_WARN_UNUSED_VARIABLE = YES;
				IPHONEOS_DEPLOYMENT_TARGET = 14.5;
				MTL_ENABLE_DEBUG_INFO = INCLUDE_SOURCE;
				MTL_FAST_MATH = YES;
				ONLY_ACTIVE_ARCH = YES;
				SDKROOT = iphoneos;
				SWIFT_ACTIVE_COMPILATION_CONDITIONS = DEBUG;
				SWIFT_OPTIMIZATION_LEVEL = "-Onone";
			};
			name = Debug;
		};
		79EC131A26A7465700CBBB46 /* Release */ = {
			isa = XCBuildConfiguration;
			buildSettings = {
				ALWAYS_SEARCH_USER_PATHS = NO;
				CLANG_ANALYZER_NONNULL = YES;
				CLANG_ANALYZER_NUMBER_OBJECT_CONVERSION = YES_AGGRESSIVE;
				CLANG_CXX_LANGUAGE_STANDARD = "gnu++14";
				CLANG_CXX_LIBRARY = "libc++";
				CLANG_ENABLE_MODULES = YES;
				CLANG_ENABLE_OBJC_ARC = YES;
				CLANG_ENABLE_OBJC_WEAK = YES;
				CLANG_WARN_BLOCK_CAPTURE_AUTORELEASING = YES;
				CLANG_WARN_BOOL_CONVERSION = YES;
				CLANG_WARN_COMMA = YES;
				CLANG_WARN_CONSTANT_CONVERSION = YES;
				CLANG_WARN_DEPRECATED_OBJC_IMPLEMENTATIONS = YES;
				CLANG_WARN_DIRECT_OBJC_ISA_USAGE = YES_ERROR;
				CLANG_WARN_DOCUMENTATION_COMMENTS = YES;
				CLANG_WARN_EMPTY_BODY = YES;
				CLANG_WARN_ENUM_CONVERSION = YES;
				CLANG_WARN_INFINITE_RECURSION = YES;
				CLANG_WARN_INT_CONVERSION = YES;
				CLANG_WARN_NON_LITERAL_NULL_CONVERSION = YES;
				CLANG_WARN_OBJC_IMPLICIT_RETAIN_SELF = YES;
				CLANG_WARN_OBJC_LITERAL_CONVERSION = YES;
				CLANG_WARN_OBJC_ROOT_CLASS = YES_ERROR;
				CLANG_WARN_QUOTED_INCLUDE_IN_FRAMEWORK_HEADER = YES;
				CLANG_WARN_RANGE_LOOP_ANALYSIS = YES;
				CLANG_WARN_STRICT_PROTOTYPES = YES;
				CLANG_WARN_SUSPICIOUS_MOVE = YES;
				CLANG_WARN_UNGUARDED_AVAILABILITY = YES_AGGRESSIVE;
				CLANG_WARN_UNREACHABLE_CODE = YES;
				CLANG_WARN__DUPLICATE_METHOD_MATCH = YES;
				COPY_PHASE_STRIP = NO;
				DEBUG_INFORMATION_FORMAT = "dwarf-with-dsym";
				ENABLE_NS_ASSERTIONS = NO;
				ENABLE_STRICT_OBJC_MSGSEND = YES;
				GCC_C_LANGUAGE_STANDARD = gnu11;
				GCC_NO_COMMON_BLOCKS = YES;
				GCC_WARN_64_TO_32_BIT_CONVERSION = YES;
				GCC_WARN_ABOUT_RETURN_TYPE = YES_ERROR;
				GCC_WARN_UNDECLARED_SELECTOR = YES;
				GCC_WARN_UNINITIALIZED_AUTOS = YES_AGGRESSIVE;
				GCC_WARN_UNUSED_FUNCTION = YES;
				GCC_WARN_UNUSED_VARIABLE = YES;
				IPHONEOS_DEPLOYMENT_TARGET = 14.5;
				MTL_ENABLE_DEBUG_INFO = NO;
				MTL_FAST_MATH = YES;
				SDKROOT = iphoneos;
				SWIFT_COMPILATION_MODE = wholemodule;
				SWIFT_OPTIMIZATION_LEVEL = "-O";
				VALIDATE_PRODUCT = YES;
			};
			name = Release;
		};
		79EC131C26A7465700CBBB46 /* Debug */ = {
			isa = XCBuildConfiguration;
			buildSettings = {
				ASSETCATALOG_COMPILER_APPICON_NAME = AppIcon;
				ASSETCATALOG_COMPILER_GLOBAL_ACCENT_COLOR_NAME = AccentColor;
				CODE_SIGN_STYLE = Automatic;
				DEVELOPMENT_ASSET_PATHS = "\"IMDB/Preview Content\"";
				DEVELOPMENT_TEAM = C54275GY46;
				ENABLE_PREVIEWS = YES;
				INFOPLIST_FILE = IMDB/Info.plist;
				LD_RUNPATH_SEARCH_PATHS = (
					"$(inherited)",
					"@executable_path/Frameworks",
				);
				PRODUCT_BUNDLE_IDENTIFIER = volonbolon.IMDB;
				PRODUCT_NAME = "$(TARGET_NAME)";
				SWIFT_VERSION = 5.0;
				TARGETED_DEVICE_FAMILY = "1,2";
			};
			name = Debug;
		};
		79EC131D26A7465700CBBB46 /* Release */ = {
			isa = XCBuildConfiguration;
			buildSettings = {
				ASSETCATALOG_COMPILER_APPICON_NAME = AppIcon;
				ASSETCATALOG_COMPILER_GLOBAL_ACCENT_COLOR_NAME = AccentColor;
				CODE_SIGN_STYLE = Automatic;
				DEVELOPMENT_ASSET_PATHS = "\"IMDB/Preview Content\"";
				DEVELOPMENT_TEAM = C54275GY46;
				ENABLE_PREVIEWS = YES;
				INFOPLIST_FILE = IMDB/Info.plist;
				LD_RUNPATH_SEARCH_PATHS = (
					"$(inherited)",
					"@executable_path/Frameworks",
				);
				PRODUCT_BUNDLE_IDENTIFIER = volonbolon.IMDB;
				PRODUCT_NAME = "$(TARGET_NAME)";
				SWIFT_VERSION = 5.0;
				TARGETED_DEVICE_FAMILY = "1,2";
			};
			name = Release;
		};
		79EC131F26A7465700CBBB46 /* Debug */ = {
			isa = XCBuildConfiguration;
			buildSettings = {
				ALWAYS_EMBED_SWIFT_STANDARD_LIBRARIES = YES;
				BUNDLE_LOADER = "$(TEST_HOST)";
				CODE_SIGN_STYLE = Automatic;
				DEVELOPMENT_TEAM = C54275GY46;
				INFOPLIST_FILE = IMDBTests/Info.plist;
				IPHONEOS_DEPLOYMENT_TARGET = 14.5;
				LD_RUNPATH_SEARCH_PATHS = (
					"$(inherited)",
					"@executable_path/Frameworks",
					"@loader_path/Frameworks",
				);
				PRODUCT_BUNDLE_IDENTIFIER = volonbolon.IMDBTests;
				PRODUCT_NAME = "$(TARGET_NAME)";
				SWIFT_VERSION = 5.0;
				TARGETED_DEVICE_FAMILY = "1,2";
				TEST_HOST = "$(BUILT_PRODUCTS_DIR)/IMDB.app/IMDB";
			};
			name = Debug;
		};
		79EC132026A7465700CBBB46 /* Release */ = {
			isa = XCBuildConfiguration;
			buildSettings = {
				ALWAYS_EMBED_SWIFT_STANDARD_LIBRARIES = YES;
				BUNDLE_LOADER = "$(TEST_HOST)";
				CODE_SIGN_STYLE = Automatic;
				DEVELOPMENT_TEAM = C54275GY46;
				INFOPLIST_FILE = IMDBTests/Info.plist;
				IPHONEOS_DEPLOYMENT_TARGET = 14.5;
				LD_RUNPATH_SEARCH_PATHS = (
					"$(inherited)",
					"@executable_path/Frameworks",
					"@loader_path/Frameworks",
				);
				PRODUCT_BUNDLE_IDENTIFIER = volonbolon.IMDBTests;
				PRODUCT_NAME = "$(TARGET_NAME)";
				SWIFT_VERSION = 5.0;
				TARGETED_DEVICE_FAMILY = "1,2";
				TEST_HOST = "$(BUILT_PRODUCTS_DIR)/IMDB.app/IMDB";
			};
			name = Release;
		};
		79EC132226A7465700CBBB46 /* Debug */ = {
			isa = XCBuildConfiguration;
			buildSettings = {
				ALWAYS_EMBED_SWIFT_STANDARD_LIBRARIES = YES;
				CODE_SIGN_STYLE = Automatic;
				DEVELOPMENT_TEAM = C54275GY46;
				INFOPLIST_FILE = IMDBUITests/Info.plist;
				LD_RUNPATH_SEARCH_PATHS = (
					"$(inherited)",
					"@executable_path/Frameworks",
					"@loader_path/Frameworks",
				);
				PRODUCT_BUNDLE_IDENTIFIER = volonbolon.IMDBUITests;
				PRODUCT_NAME = "$(TARGET_NAME)";
				SWIFT_VERSION = 5.0;
				TARGETED_DEVICE_FAMILY = "1,2";
				TEST_TARGET_NAME = IMDB;
			};
			name = Debug;
		};
		79EC132326A7465700CBBB46 /* Release */ = {
			isa = XCBuildConfiguration;
			buildSettings = {
				ALWAYS_EMBED_SWIFT_STANDARD_LIBRARIES = YES;
				CODE_SIGN_STYLE = Automatic;
				DEVELOPMENT_TEAM = C54275GY46;
				INFOPLIST_FILE = IMDBUITests/Info.plist;
				LD_RUNPATH_SEARCH_PATHS = (
					"$(inherited)",
					"@executable_path/Frameworks",
					"@loader_path/Frameworks",
				);
				PRODUCT_BUNDLE_IDENTIFIER = volonbolon.IMDBUITests;
				PRODUCT_NAME = "$(TARGET_NAME)";
				SWIFT_VERSION = 5.0;
				TARGETED_DEVICE_FAMILY = "1,2";
				TEST_TARGET_NAME = IMDB;
			};
			name = Release;
		};
/* End XCBuildConfiguration section */

/* Begin XCConfigurationList section */
		79EC12EC26A7465600CBBB46 /* Build configuration list for PBXProject "IMDB" */ = {
			isa = XCConfigurationList;
			buildConfigurations = (
				79EC131926A7465700CBBB46 /* Debug */,
				79EC131A26A7465700CBBB46 /* Release */,
			);
			defaultConfigurationIsVisible = 0;
			defaultConfigurationName = Release;
		};
		79EC131B26A7465700CBBB46 /* Build configuration list for PBXNativeTarget "IMDB" */ = {
			isa = XCConfigurationList;
			buildConfigurations = (
				79EC131C26A7465700CBBB46 /* Debug */,
				79EC131D26A7465700CBBB46 /* Release */,
			);
			defaultConfigurationIsVisible = 0;
			defaultConfigurationName = Release;
		};
		79EC131E26A7465700CBBB46 /* Build configuration list for PBXNativeTarget "IMDBTests" */ = {
			isa = XCConfigurationList;
			buildConfigurations = (
				79EC131F26A7465700CBBB46 /* Debug */,
				79EC132026A7465700CBBB46 /* Release */,
			);
			defaultConfigurationIsVisible = 0;
			defaultConfigurationName = Release;
		};
		79EC132126A7465700CBBB46 /* Build configuration list for PBXNativeTarget "IMDBUITests" */ = {
			isa = XCConfigurationList;
			buildConfigurations = (
				79EC132226A7465700CBBB46 /* Debug */,
				79EC132326A7465700CBBB46 /* Release */,
			);
			defaultConfigurationIsVisible = 0;
			defaultConfigurationName = Release;
		};
/* End XCConfigurationList section */

/* Begin XCRemoteSwiftPackageReference section */
		79EC134726A87D3200CBBB46 /* XCRemoteSwiftPackageReference "super-octo-potato" */ = {
			isa = XCRemoteSwiftPackageReference;
			repositoryURL = "https://github.com/volonbolon/super-octo-potato.git";
			requirement = {
				branch = main;
				kind = branch;
			};
		};
/* End XCRemoteSwiftPackageReference section */

/* Begin XCSwiftPackageProductDependency section */
		79EC134826A87D3200CBBB46 /* VolonbolonKit */ = {
			isa = XCSwiftPackageProductDependency;
			package = 79EC134726A87D3200CBBB46 /* XCRemoteSwiftPackageReference "super-octo-potato" */;
			productName = VolonbolonKit;
		};
/* End XCSwiftPackageProductDependency section */
	};
	rootObject = 79EC12E926A7465600CBBB46 /* Project object */;
}
